# Complete CPython 3.13 x64 Windows resolution for requirements-runtime.txt.
# crcmod, esptool, and paho-mqtt are upstream sdists; every other entry pins the selected wheel.
aioesphomeapi==45.3.1 \
    --hash=sha256:a09ea77e5e4f12a8e1740246fe0802a78edb61509e3e28d2665bf612f227da4a
aiohappyeyeballs==2.7.1 \
    --hash=sha256:9243213661e29250eb41368e5daa826fc017156c3b8a11440826b2e3ed376472
ajsonrpc==1.2.0 \
    --hash=sha256:0fa2c1cf8e619d18ffee96043822032d6520eda65d3b712f9540a3a63e9cac25
annotated-types==0.7.0 \
    --hash=sha256:1f02e8b43a8fbbc3f3e0d4f0f4bfc8131bcb4eebe8849b8e5c773f3a1c582a53
anyio==4.14.2 \
    --hash=sha256:9f505dda5ac9f0c8309b5e8bd445a8c2bf7246f3ce950121e45ea15bc41d1494
argcomplete==3.7.0 \
    --hash=sha256:d8f0f22d2a8a7caa383be1e22b6caf1ecaf0ebd10d8f83cc125e36540c95830c
async_interrupt==1.2.2 \
    --hash=sha256:0a8deb884acfb5fe55188a693ae8a4381bbbd2cb6e670dac83869489513eec2c
backports.zstd==1.6.0 \
    --hash=sha256:b067b1ef9c8e41fb0882c828aa37829938b5c0dab067eca72b23fc24c563b9da
bitarray==3.9.1 \
    --hash=sha256:83df6ddf60f19c64f3f43c394a48a3ff3ac3f4e571d34ebbf445ea44e72c3ce2
bitstring==4.4.0 \
    --hash=sha256:feac49524fcf3ef27e6081e86f02b10d2adf6c3773bf22fbe0e7eea9534bc737
bleak==2.1.1 \
    --hash=sha256:61ac1925073b580c896a92a8c404088c5e5ec9dc3c5bd6fc17554a15779d83de
blinker==1.9.0 \
    --hash=sha256:ba0efaa9080b619ff2f3459d1d500c57bddea4a6b424b60a91141db6fd2f08bc
bottle==0.13.4 \
    --hash=sha256:045684fbd2764eac9cdeb824861d1551d113e8b683d8d26e296898d3dd99a12e
brotli==1.2.0 \
    --hash=sha256:b63daa43d82f0cdabf98dee215b375b4058cce72871fd07934f179885aad16e8
cbor2==5.9.0 \
    --hash=sha256:dcf0f695873e5c94bd072d6af8698e72b8fb7f7a18f37e0bced1041b7111a6cf
certifi==2026.6.17 \
    --hash=sha256:2227dcbaafe0d2f59279d1762ddddc37783ed4354594f194ffc31d20f41fc3db
cffi==2.1.0 \
    --hash=sha256:8e74a6135550c4748af665b1b1118b6aab33b1fc6a16f9aff630af107c3b4512
chacha20poly1305-reuseable==0.13.2 \
    --hash=sha256:c7dba7c3604a9fa51bcfef9e4bfdaa3bfaadd88b6c5436a27be1c7e9c4081048
charset-normalizer==3.4.9 \
    --hash=sha256:fe2c7201c642b7c308f1675355ad7ff7b66acfe3541625efe5a3ad38f29d6115
click==8.3.3 \
    --hash=sha256:a2bf429bb3033c89fa4936ffb35d5cb471e3719e1f3c8a7c3fff0b8314305613
colorama==0.4.6 \
    --hash=sha256:4f1d9991f5acc0ca119f9d443620b77f9d6b33703e51011c16baf57afb285fc6
crcmod==1.7 \
    --hash=sha256:dc7051a0db5f2bd48665a990d3ec1cc305a466a77358ca4492826f41f283601e
cryptography==48.0.1 \
    --hash=sha256:39489bfca54c7a1f6b297efcd8bc608ab92d16c4ca631b0cad4da46724588b24
esphome==2026.6.4 \
    --hash=sha256:c827abc1a3f57652c8832c94ce96a3b41fa72b8ede676c2d31314b7c5c7919c3
esphome-dashboard==20260425.0 \
    --hash=sha256:fc3351fd3ffcd6f934a7d6a3fe60e9f734bfeed132fe006c1ba2fc4b923e8a84
esphome-glyphsets==0.2.0 \
    --hash=sha256:3875fd581f8605b5038315dac5913423474a3eb0c1cb2849d9841ad3c9e8b1e7
esptool==5.3.0 \
    --hash=sha256:0a077cb3ee8e60e223882c06ab7dae9b3686816c2547904d7472a42e6284e7de
Flask==3.1.2 \
    --hash=sha256:ca1d8112ec8a6158cc29ea4858963350011b5c846a414cdb7a954aa9e967d03c
freetype-py==2.5.1 \
    --hash=sha256:0b7f8e0342779f65ca13ef8bc103938366fecade23e6bb37cb671c2b8ad7f124
h11==0.16.0 \
    --hash=sha256:63cf8bbe7522de3bf65932fda1d9c2772064ffb3dae62d55932da54b31cb6c86
icmplib==3.0.4 \
    --hash=sha256:336b75c6c23c5ce99ddec33f718fab09661f6ad698e35b6f1fc7cc0ecf809398
idna==3.18 \
    --hash=sha256:7f952cbe720b688055e3f87de14f5c3e5fdaa8bc3928985c4077ca689de849a2
ifaddr==0.2.0 \
    --hash=sha256:085e0305cfe6f16ab12d72e2024030f5d52674afad6911bb1eee207177b8a748
inflate64==1.0.4 \
    --hash=sha256:3983f53b590ff7d0ba243f664ce852aca882482f30f7a8eab33e10d769336d0c
intelhex==2.3.0 \
    --hash=sha256:87cc5225657524ec6361354be928adfd56bcf2a3dcc646c40f8f094c39c07db4
itsdangerous==2.2.0 \
    --hash=sha256:c6242fc49e35958c8b15141343aa660db5fc54d4f13a1db01a3f5891b98700ef
Jinja2==3.1.6 \
    --hash=sha256:85ece4451f492d0c13c5dd7c13a64681a86afae63a5f347908daf103ce6d2f67
markdown-it-py==4.2.0 \
    --hash=sha256:9f7ebbcd14fe59494226453aed97c1070d83f8d24b6fc3a3bcf9a38092641c4a
MarkupSafe==3.0.3 \
    --hash=sha256:9a1abfdc021a164803f4d485104931fb8f8c1efd55bc6b748d2f5774e78b62c5
marshmallow==3.26.2 \
    --hash=sha256:013fa8a3c4c276c24d26d84ce934dc964e2aa794345a0f8c7e5a7191482c8a73
mdurl==0.1.2 \
    --hash=sha256:84008a41e51615a49fc9966191ff91509e3c40b939176e643fd50a5c2196b8f8
multivolumefile==0.2.3 \
    --hash=sha256:237f4353b60af1703087cf7725755a1f6fcaeeea48421e1896940cd1c920d678
noiseprotocol==0.3.1 \
    --hash=sha256:2e1a603a38439636cf0ffd8b3e8b12cee27d368a28b41be7dbe568b2abb23111
packaging==26.2 \
    --hash=sha256:5fc45236b9446107ff2415ce77c807cee2862cb6fac22b8a73826d0693b0980e
paho-mqtt==1.6.1 \
    --hash=sha256:2a8291c81623aec00372b5a85558a372c747cbca8e9934dfe218638b8eefc26f
pillow==12.2.0 \
    --hash=sha256:390ede346628ccc626e5730107cde16c42d3836b89662a115a921f28440e6a3b
platformio==6.1.19 \
    --hash=sha256:4f93b00cf2759035d76ebece4840a3274096f7343ee5bba56cbc0bc3ce2eb6f5
protobuf==7.35.1 \
    --hash=sha256:230a75ddfc2de4806e56696ce9640c1cdfdb6543b7cfce98d42a4c0a0e7bdb87
psutil==7.2.2 \
    --hash=sha256:eb7e81434c8d223ec4a219b5fc1c47d0417b12be7ea866e24fb5ad6e84b3d988
puremagic==1.30 \
    --hash=sha256:5eeeb2dd86f335b9cfe8e205346612197af3500c6872dffebf26929f56e9d3c1
py7zr==1.1.0 \
    --hash=sha256:5921bc30fb72b5453aafe3b2183664c08ef508cde2655988d5e9bd6078353ef7
pybcj==1.0.8 \
    --hash=sha256:e47d9c655d276200e5d08f7b550097dacc826364b44931f0fbdc0da2e4bdf448
pycparser==3.0 \
    --hash=sha256:b727414169a36b7d524c1c3e31839a521725078d7b2ff038656844266160a992
pycryptodomex==3.23.0 \
    --hash=sha256:52e5ca58c3a0b0bd5e100a9fbc8015059b05cffc6c66ce9d98b4b45e023443b9
pydantic==2.13.4 \
    --hash=sha256:45a282cde31d808236fd7ea9d919b128653c8b38b393d1c4ab335c62924d9aba
pydantic_core==2.46.4 \
    --hash=sha256:6b3ace8194b0e5204818c92802dcdca7fc6d88aabbb799d7c795540d9cd6d292
pyelftools==0.33 \
    --hash=sha256:f215ad5f47d3f1373a21496a6c9e0707c622840d0622f23ff7ce08678b020036
Pygments==2.20.0 \
    --hash=sha256:81a9e26dd42fd28a23a2d169d86d7ac03b46e2f8b59ed4698fb4785f946d0176
pyparsing==3.3.2 \
    --hash=sha256:850ba148bd908d7e2411587e247a1e4f0327839c40e2e5e6d05a007ecc69911d
pyppmd==1.3.1 \
    --hash=sha256:df8d84ab72381058a964ba66e5e81ed52dbd0b5ad734a5ef8353452983506098
pyserial==3.5 \
    --hash=sha256:c4451db6ba391ca6ca299fb3ec7bae67a5c55dde170964c7a14ceefec02f2cf0
PyYAML==6.0.3 \
    --hash=sha256:79005a0d97d5ddabfeeea4cf676af11e647e41d81c9a7722a193022accdb6b7c
reedsolo==1.7.0 \
    --hash=sha256:2b6a3e402a1ee3e1eea3f932f81e6c0b7bbc615588074dca1dbbcdeb055002bd
requests==2.34.2 \
    --hash=sha256:2a0d60c172f83ac6ab31e4554906c0f3b3588d37b5cb939b1c061f4907e278e0
resvg_py==0.3.2 \
    --hash=sha256:7c459cdb4d1d0a5d9dbfee711f84fbf4551fba08754d21e085b3bd356f851fe1
rich==15.0.0 \
    --hash=sha256:33bd4ef74232fb73fe9279a257718407f169c09b78a87ad3d296f548e27de0bb
rich-click==1.9.8 \
    --hash=sha256:12873865396e6927835d4eabb1cc3996edcd65b7ac9b2391a29eca4f335a2f93
ruamel.yaml==0.19.1 \
    --hash=sha256:27592957fedf6e0b62f281e96effd28043345e0e66001f97683aa9a40c667c93
ruamel.yaml.clib==0.2.15 \
    --hash=sha256:45702dfbea1420ba3450bb3dd9a80b33f0badd57539c6aac09f42584303e0db6
semantic-version==2.10.0 \
    --hash=sha256:de78a3b8e0feda74cabc54aab2da702113e33ac9d9eb9d2389bcf1f58b7d9177
setuptools==82.0.0 \
    --hash=sha256:70b18734b607bd1da571d097d236cfcfacaf01de45717d59e6e04b96877532e0
smp==4.1.0 \
    --hash=sha256:ca06376b130f028e02dc147a82f1f32bd1ce8e9397b23a0d6d391f7de76e883c
smpclient==6.0.0 \
    --hash=sha256:4d5f08667983c1c9bcfd8b2568b06352909d26558fad16ad076871986d2a52cd
starlette==0.52.1 \
    --hash=sha256:0029d43eb3d273bc4f83a08720b4912ea4b071087a3b48db01b7c839f7954d74
tabulate==0.10.0 \
    --hash=sha256:f0b0622e567335c8fabaaa659f1b33bcb6ddfe2e496071b743aa113f8774f2d3
texttable==1.7.0 \
    --hash=sha256:72227d592c82b3d7f672731ae73e4d1f88cd8e2ef5b075a7a7f01a23a3743917
tibs==0.5.7 \
    --hash=sha256:a61d36155f8ab8642e1b6744e13822f72050fc7ec4f86ec6965295afa04949e2
tornado==6.5.7 \
    --hash=sha256:de942f843533a039ef9fa3d9c88c7cd8a7c94553fb5ad0154270989b3d99a2c4
typing_extensions==4.16.0 \
    --hash=sha256:481caa481374e813c1b176ada14e97f1f67a4539ce9cfeb3f350d78d6370c2e8
typing-inspection==0.4.2 \
    --hash=sha256:4ed1cacbdc298c220f1bd249ed5287caa16f34d44ef4e9c3d0cbad5b521545e7
tzdata==2026.3 \
    --hash=sha256:dc096730c87af6cab1b171c9d532be840741ff5d459015e7f6947bd7d7e54931
tzlocal==5.3.1 \
    --hash=sha256:eb1a66c3ef5847adf7a834f1be0800581b683b5608e74f86ecbcef8ab91bb85d
urllib3==2.7.0 \
    --hash=sha256:9fb4c81ebbb1ce9531cce37674bbc6f1360472bc18ca9a553ede278ef7276897
uvicorn==0.40.0 \
    --hash=sha256:c6c8f55bc8bf13eb6fa9ff87ad62308bbbc33d0b67f84293151efe87e0d5f2ee
voluptuous==0.16.0 \
    --hash=sha256:ee342095263e1b5afbd4d418cb5adc92810eebfd07696bb033a261210df33db4
Werkzeug==3.1.8 \
    --hash=sha256:63a77fb8892bf28ebc3178683445222aa500e48ebad5ec77b0ad80f8726b1f50
wheel==0.47.0 \
    --hash=sha256:212281cab4dff978f6cedd499cd893e1f620791ca6ff7107cf270781e587eced
winrt-runtime==3.2.1 \
    --hash=sha256:3c1fdcaeedeb2920dc3b9039db64089a6093cad2be56a3e64acc938849245a6d
winrt-Windows.Devices.Bluetooth==3.2.1 \
    --hash=sha256:6703dfbe444ee22426738830fb305c96a728ea9ccce905acfdf811d81045fdb3
winrt-Windows.Devices.Bluetooth.Advertisement==3.2.1 \
    --hash=sha256:b66410c04b8dae634a7e4b615c3b7f8adda9c7d4d6902bcad5b253da1a684943
winrt-Windows.Devices.Bluetooth.GenericAttributeProfile==3.2.1 \
    --hash=sha256:8d8d89f01e9b6931fb48217847caac3227a0aeb38a5b7782af71c2e7b262ec30
winrt-Windows.Devices.Enumeration==3.2.1 \
    --hash=sha256:6ca40d334734829e178ad46375275c4f7b5d6d2d4fc2e8879690452cbfb36015
winrt-Windows.Devices.Radios==3.2.1 \
    --hash=sha256:bf1a975f46a2aa271ffea1340be0c7e64985050d07433e701343dddc22a72290
winrt-Windows.Foundation==3.2.1 \
    --hash=sha256:6e98617c1e46665c7a56ce3f5d28e252798416d1ebfee3201267a644a4e3c479
winrt-Windows.Foundation.Collections==3.2.1 \
    --hash=sha256:5e12a6e75036ee90484c33e204b85fb6785fcc9e7c8066ad65097301f48cdd10
winrt-Windows.Storage.Streams==3.2.1 \
    --hash=sha256:202c5875606398b8bfaa2a290831458bb55f2196a39c1d4e5fa88a03d65ef915
wsproto==1.3.2 \
    --hash=sha256:61eea322cdf56e8cc904bd3ad7573359a242ba65688716b0710a5eb12beab584
zeroconf==0.150.0 \
    --hash=sha256:122c6bec1f462c0feaa7f8fe4a4bc605f5c0d8f8e82e2ebd5aeae48a24da4564
